Microsoft Visual Studio Solution File, Format Version 12.00
# Visual Studio Version 17
VisualStudioVersion = 17.13.35931.197
MinimumVisualStudioVersion = 10.0.40219.1
Project("{FAE04EC0-301F-11D3-BF4B-00C04F79EFBC}") = "NdhnLesson04", "NdhnLesson04.csproj", "{9FA0E2D7-4798-4175-B63D-E5EB5B46E565}"
EndProject
Global
	GlobalSection(SolutionConfigurationPlatforms) = preSolution
		Debug|Any CPU = Debug|Any CPU
		Release|Any CPU = Release|Any CPU
	EndGlobalSection
	GlobalSection(ProjectConfigurationPlatforms) = postSolution
		{9FA0E2D7-4798-4175-B63D-E5EB5B46E565}.Debug|Any CPU.ActiveCfg = Debug|Any CPU
		{9FA0E2D7-4798-4175-B63D-E5EB5B46E565}.Debug|Any CPU.Build.0 = Debug|Any CPU
		{9FA0E2D7-4798-4175-B63D-E5EB5B46E565}.Release|Any CPU.ActiveCfg = Release|Any CPU
		{9FA0E2D7-4798-4175-B63D-E5EB5B46E565}.Release|Any CPU.Build.0 = Release|Any CPU
	EndGlobalSection
	GlobalSection(SolutionProperties) = preSolution
		HideSolutionNode = FALSE
	EndGlobalSection
	GlobalSection(ExtensibilityGlobals) = postSolution
		SolutionGuid = {BF4B95EC-A427-4F45-BCE5-419A9E930C15}
	EndGlobalSection
EndGlobal
